{
  "name": "@monky/bot",
  "version": "1.0.0",
  "lockfileVersion": 3,
  "requires": true,
  "packages": {
    "": {
      "name": "@monky/bot",
      "version": "1.0.0",
      "license": "MIT",
      "dependencies": {
        "@monky/bot-sdk": "file:vendor/monky-bot-sdk-24.0.1.tgz"
      },
      "bin": {
        "monkybot": "dist/cli.js"
      },
      "devDependencies": {
        "@types/node": "^20.0.0",
        "ts-node": "^10.9.0",
        "typescript": "^5.5.0"
      },
      "engines": {
        "node": ">=18"
      }
    },
    "node_modules/@cspotcode/source-map-support": {
      "version": "0.8.1",
      "resolved": "https://registry.npmjs.org/@cspotcode/source-map-support/-/source-map-support-0.8.1.tgz",
      "integrity": "sha512-IchNf6dN4tHoMFIn/7OE8LWZ19Y6q/67Bmf6vnGREv8RSbBVb9LPJxEcnwrcwX6ixSvaiGoomAUvu4YSxXrVgw==",
      "dev": true,
      "license": "MIT",
      "dependencies": {
        "@jridgewell/trace-mapping": "0.3.9"
      },
      "engines": {
        "node": ">=12"
      }
    },
    "node_modules/@jridgewell/resolve-uri": {
      "version": "3.1.2",
      "resolved": "https://registry.npmjs.org/@jridgewell/resolve-uri/-/resolve-uri-3.1.2.tgz",
      "integrity": "sha512-bRISgCIjP20/tbWSPWMEi54QVPRZExkuD9lJL+UIxUKtwVJA8wW1Trb1jMs1RFXo1CBTNZ/5hpC9QvmKWdopKw==",
      "dev": true,
      "license": "MIT",
      "engines": {
        "node": ">=6.0.0"
      }
    },
    "node_modules/@jridgewell/sourcemap-codec": {
      "version": "1.6.0",
      "resolved": "https://registry.npmjs.org/@jridgewell/sourcemap-codec/-/sourcemap-codec-1.6.0.tgz",
      "integrity": "sha512-T7jf+5zgsZHwNJ4lvQ7/aezbyk0nNX+zJVWpmHA7VYsEx7a7qr5Rg5IbtJFqkgze5Y2sruq1RUY8Q837Od7iFw==",
      "dev": true,
      "license": "MIT"
    },
    "node_modules/@jridgewell/trace-mapping": {
      "version": "0.3.9",
      "resolved": "https://registry.npmjs.org/@jridgewell/trace-mapping/-/trace-mapping-0.3.9.tgz",
      "integrity": "sha512-3Belt6tdc8bPgAtbcmdtNJlirVoTmEb5e2gC94PnkwEW9jI6CAHUeoG85tjWP5WquqfavoMtMwiG4P926ZKKuQ==",
      "dev": true,
      "license": "MIT",
      "dependencies": {
        "@jridgewell/resolve-uri": "^3.0.3",
        "@jridgewell/sourcemap-codec": "^1.4.10"
      }
    },
    "node_modules/@monky/bot-sdk": {
      "version": "24.0.1",
      "resolved": "file:vendor/monky-bot-sdk-24.0.1.tgz",
      "integrity": "sha512-Q+FdrIYiujy+XY4Kf6iBM1uuaHcFl/H9cg8AV+X/MX8JC2FMt2a6A4+50gczJKV+0acdNqk0uG0s9JK7vFGhVQ==",
      "bundleDependencies": [
        "@monky/shared",
        "tar",
        "werift",
        "ws"
      ],
      "license": "MIT",
      "dependencies": {
        "@monky/shared": "1.0.0",
        "tar": "7.5.22",
        "werift": "0.24.4",
        "ws": "8.21.3"
      },
      "bin": {
        "monky-bot-sdk": "dist/tools.js"
      },
      "engines": {
        "node": ">=18"
      }
    },
    "node_modules/@monky/bot-sdk/node_modules/@fidm/asn1": {
      "version": "1.0.4",
      "inBundle": true,
      "license": "MIT",
      "engines": {
        "node": ">= 8"
      }
    },
    "node_modules/@monky/bot-sdk/node_modules/@fidm/x509": {
      "version": "1.2.1",
      "bundleDependencies": [
        "@fidm/asn1",
        "tweetnacl"
      ],
      "inBundle": true,
      "license": "MIT",
      "dependencies": {
        "@fidm/asn1": "1.0.4",
        "tweetnacl": "1.0.3"
      },
      "engines": {
        "node": ">= 8"
      }
    },
    "node_modules/@monky/bot-sdk/node_modules/@isaacs/fs-minipass": {
      "version": "4.0.1",
      "bundleDependencies": [
        "minipass"
      ],
      "inBundle": true,
      "license": "ISC",
      "dependencies": {
        "minipass": "7.1.3"
      },
      "engines": {
        "node": ">=18.0.0"
      }
    },
    "node_modules/@monky/bot-sdk/node_modules/@leichtgewicht/ip-codec": {
      "version": "2.0.5",
      "inBundle": true,
      "license": "MIT"
    },
    "node_modules/@monky/bot-sdk/node_modules/@monky/shared": {
      "version": "1.0.0",
      "bundleDependencies": [
        "fflate",
        "zod"
      ],
      "inBundle": true,
      "dependencies": {
        "fflate": "0.8.3",
        "zod": "3.25.76"
      }
    },
    "node_modules/@monky/bot-sdk/node_modules/@noble/curves": {
      "version": "1.9.7",
      "bundleDependencies": [
        "@noble/hashes"
      ],
      "inBundle": true,
      "license": "MIT",
      "dependencies": {
        "@noble/hashes": "1.8.0"
      },
      "engines": {
        "node": "^14.21.3 || >=16"
      },
      "funding": {
        "url": "https://paulmillr.com/funding/"
      }
    },
    "node_modules/@monky/bot-sdk/node_modules/@noble/hashes": {
      "version": "1.8.0",
      "inBundle": true,
      "license": "MIT",
      "engines": {
        "node": "^14.21.3 || >=16"
      },
      "funding": {
        "url": "https://paulmillr.com/funding/"
      }
    },
    "node_modules/@monky/bot-sdk/node_modules/@peculiar/asn1-cms": {
      "version": "2.9.4",
      "bundleDependencies": [
        "@peculiar/asn1-schema",
        "@peculiar/asn1-x509",
        "@peculiar/asn1-x509-attr",
        "asn1js",
        "tslib"
      ],
      "inBundle": true,
      "license": "MIT",
      "dependencies": {
        "@peculiar/asn1-schema": "2.9.4",
        "@peculiar/asn1-x509": "2.9.4",
        "@peculiar/asn1-x509-attr": "2.9.4",
        "asn1js": "3.0.10",
        "tslib": "2.8.1"
      },
      "engines": {
        "node": ">=14"
      }
    },
    "node_modules/@monky/bot-sdk/node_modules/@peculiar/asn1-csr": {
      "version": "2.9.4",
      "bundleDependencies": [
        "@peculiar/asn1-schema",
        "@peculiar/asn1-x509",
        "asn1js",
        "tslib"
      ],
      "inBundle": true,
      "license": "MIT",
      "dependencies": {
        "@peculiar/asn1-schema": "2.9.4",
        "@peculiar/asn1-x509": "2.9.4",
        "asn1js": "3.0.10",
        "tslib": "2.8.1"
      },
      "engines": {
        "node": ">=14"
      }
    },
    "node_modules/@monky/bot-sdk/node_modules/@peculiar/asn1-ecc": {
      "version": "2.9.4",
      "bundleDependencies": [
        "@peculiar/asn1-schema",
        "@peculiar/asn1-x509",
        "asn1js",
        "tslib"
      ],
      "inBundle": true,
      "license": "MIT",
      "dependencies": {
        "@peculiar/asn1-schema": "2.9.4",
        "@peculiar/asn1-x509": "2.9.4",
        "asn1js": "3.0.10",
        "tslib": "2.8.1"
      },
      "engines": {
        "node": ">=14"
      }
    },
    "node_modules/@monky/bot-sdk/node_modules/@peculiar/asn1-pfx": {
      "version": "2.9.4",
      "bundleDependencies": [
        "@peculiar/asn1-cms",
        "@peculiar/asn1-pkcs8",
        "@peculiar/asn1-rsa",
        "@peculiar/asn1-schema",
        "asn1js",
        "tslib"
      ],
      "inBundle": true,
      "license": "MIT",
      "dependencies": {
        "@peculiar/asn1-cms": "2.9.4",
        "@peculiar/asn1-pkcs8": "2.9.4",
        "@peculiar/asn1-rsa": "2.9.4",
        "@peculiar/asn1-schema": "2.9.4",
        "asn1js": "3.0.10",
        "tslib": "2.8.1"
      },
      "engines": {
        "node": ">=14"
      }
    },
    "node_modules/@monky/bot-sdk/node_modules/@peculiar/asn1-pkcs8": {
      "version": "2.9.4",
      "bundleDependencies": [
        "@peculiar/asn1-schema",
        "@peculiar/asn1-x509",
        "asn1js",
        "tslib"
      ],
      "inBundle": true,
      "license": "MIT",
      "dependencies": {
        "@peculiar/asn1-schema": "2.9.4",
        "@peculiar/asn1-x509": "2.9.4",
        "asn1js": "3.0.10",
        "tslib": "2.8.1"
      },
      "engines": {
        "node": ">=14"
      }
    },
    "node_modules/@monky/bot-sdk/node_modules/@peculiar/asn1-pkcs9": {
      "version": "2.9.4",
      "bundleDependencies": [
        "@peculiar/asn1-cms",
        "@peculiar/asn1-pfx",
        "@peculiar/asn1-pkcs8",
        "@peculiar/asn1-schema",
        "@peculiar/asn1-x509",
        "@peculiar/asn1-x509-attr",
        "asn1js",
        "tslib"
      ],
      "inBundle": true,
      "license": "MIT",
      "dependencies": {
        "@peculiar/asn1-cms": "2.9.4",
        "@peculiar/asn1-pfx": "2.9.4",
        "@peculiar/asn1-pkcs8": "2.9.4",
        "@peculiar/asn1-schema": "2.9.4",
        "@peculiar/asn1-x509": "2.9.4",
        "@peculiar/asn1-x509-attr": "2.9.4",
        "asn1js": "3.0.10",
        "tslib": "2.8.1"
      },
      "engines": {
        "node": ">=14"
      }
    },
    "node_modules/@monky/bot-sdk/node_modules/@peculiar/asn1-rsa": {
      "version": "2.9.4",
      "bundleDependencies": [
        "@peculiar/asn1-schema",
        "@peculiar/asn1-x509",
        "asn1js",
        "tslib"
      ],
      "inBundle": true,
      "license": "MIT",
      "dependencies": {
        "@peculiar/asn1-schema": "2.9.4",
        "@peculiar/asn1-x509": "2.9.4",
        "asn1js": "3.0.10",
        "tslib": "2.8.1"
      },
      "engines": {
        "node": ">=14"
      }
    },
    "node_modules/@monky/bot-sdk/node_modules/@peculiar/asn1-schema": {
      "version": "2.9.4",
      "bundleDependencies": [
        "@peculiar/utils",
        "asn1js",
        "tslib"
      ],
      "inBundle": true,
      "license": "MIT",
      "dependencies": {
        "@peculiar/utils": "2.0.3",
        "asn1js": "3.0.10",
        "tslib": "2.8.1"
      },
      "engines": {
        "node": ">=14"
      }
    },
    "node_modules/@monky/bot-sdk/node_modules/@peculiar/asn1-x509": {
      "version": "2.9.4",
      "bundleDependencies": [
        "@peculiar/asn1-schema",
        "@peculiar/utils",
        "asn1js",
        "tslib"
      ],
      "inBundle": true,
      "license": "MIT",
      "dependencies": {
        "@peculiar/asn1-schema": "2.9.4",
        "@peculiar/utils": "2.0.3",
        "asn1js": "3.0.10",
        "tslib": "2.8.1"
      },
      "engines": {
        "node": ">=14"
      }
    },
    "node_modules/@monky/bot-sdk/node_modules/@peculiar/asn1-x509-attr": {
      "version": "2.9.4",
      "bundleDependencies": [
        "@peculiar/asn1-schema",
        "@peculiar/asn1-x509",
        "asn1js",
        "tslib"
      ],
      "inBundle": true,
      "license": "MIT",
      "dependencies": {
        "@peculiar/asn1-schema": "2.9.4",
        "@peculiar/asn1-x509": "2.9.4",
        "asn1js": "3.0.10",
        "tslib": "2.8.1"
      },
      "engines": {
        "node": ">=14"
      }
    },
    "node_modules/@monky/bot-sdk/node_modules/@peculiar/utils": {
      "version": "2.0.3",
      "bundleDependencies": [
        "tslib"
      ],
      "inBundle": true,
      "license": "MIT",
      "dependencies": {
        "tslib": "2.8.1"
      }
    },
    "node_modules/@monky/bot-sdk/node_modules/@peculiar/x509": {
      "version": "1.14.3",
      "bundleDependencies": [
        "@peculiar/asn1-cms",
        "@peculiar/asn1-csr",
        "@peculiar/asn1-ecc",
        "@peculiar/asn1-pkcs9",
        "@peculiar/asn1-rsa",
        "@peculiar/asn1-schema",
        "@peculiar/asn1-x509",
        "pvtsutils",
        "reflect-metadata",
        "tslib",
        "tsyringe"
      ],
      "inBundle": true,
      "license": "MIT",
      "dependencies": {
        "@peculiar/asn1-cms": "2.9.4",
        "@peculiar/asn1-csr": "2.9.4",
        "@peculiar/asn1-ecc": "2.9.4",
        "@peculiar/asn1-pkcs9": "2.9.4",
        "@peculiar/asn1-rsa": "2.9.4",
        "@peculiar/asn1-schema": "2.9.4",
        "@peculiar/asn1-x509": "2.9.4",
        "pvtsutils": "1.3.6",
        "reflect-metadata": "0.2.2",
        "tslib": "2.8.1",
        "tsyringe": "4.10.0"
      },
      "engines": {
        "node": ">=20.0.0"
      }
    },
    "node_modules/@monky/bot-sdk/node_modules/@shinyoshiaki/binary-data": {
      "version": "0.6.1",
      "bundleDependencies": [
        "generate-function",
        "is-plain-object"
      ],
      "inBundle": true,
      "license": "MIT",
      "dependencies": {
        "generate-function": "2.3.1",
        "is-plain-object": "2.0.4"
      },
      "engines": {
        "node": ">=6"
      }
    },
    "node_modules/@monky/bot-sdk/node_modules/@types/dom-mediacapture-transform": {
      "version": "0.1.12",
      "bundleDependencies": [
        "@types/dom-webcodecs"
      ],
      "inBundle": true,
      "license": "MIT",
      "dependencies": {
        "@types/dom-webcodecs": "0.1.13"
      }
    },
    "node_modules/@monky/bot-sdk/node_modules/@types/dom-webcodecs": {
      "version": "0.1.13",
      "inBundle": true,
      "license": "MIT"
    },
    "node_modules/@monky/bot-sdk/node_modules/asn1js": {
      "version": "3.0.10",
      "bundleDependencies": [
        "pvtsutils",
        "pvutils",
        "tslib"
      ],
      "inBundle": true,
      "license": "BSD-3-Clause",
      "dependencies": {
        "pvtsutils": "1.3.6",
        "pvutils": "1.2.0",
        "tslib": "2.8.1"
      },
      "engines": {
        "node": ">=12.0.0"
      }
    },
    "node_modules/@monky/bot-sdk/node_modules/base64-js": {
      "version": "1.5.1",
      "funding": [
        {
          "type": "github",
          "url": "https://github.com/sponsors/feross"
        },
        {
          "type": "patreon",
          "url": "https://www.patreon.com/feross"
        },
        {
          "type": "consulting",
          "url": "https://feross.org/support"
        }
      ],
      "inBundle": true,
      "license": "MIT"
    },
    "node_modules/@monky/bot-sdk/node_modules/chownr": {
      "version": "3.0.0",
      "inBundle": true,
      "license": "BlueOak-1.0.0",
      "engines": {
        "node": ">=18"
      }
    },
    "node_modules/@monky/bot-sdk/node_modules/dns-packet": {
      "version": "5.6.1",
      "bundleDependencies": [
        "@leichtgewicht/ip-codec"
      ],
      "inBundle": true,
      "license": "MIT",
      "dependencies": {
        "@leichtgewicht/ip-codec": "2.0.5"
      },
      "engines": {
        "node": ">=6"
      }
    },
    "node_modules/@monky/bot-sdk/node_modules/fflate": {
      "version": "0.8.3",
      "inBundle": true,
      "license": "MIT"
    },
    "node_modules/@monky/bot-sdk/node_modules/generate-function": {
      "version": "2.3.1",
      "bundleDependencies": [
        "is-property"
      ],
      "inBundle": true,
      "license": "MIT",
      "dependencies": {
        "is-property": "1.0.2"
      }
    },
    "node_modules/@monky/bot-sdk/node_modules/ieee754": {
      "version": "1.2.1",
      "funding": [
        {
          "type": "github",
          "url": "https://github.com/sponsors/feross"
        },
        {
          "type": "patreon",
          "url": "https://www.patreon.com/feross"
        },
        {
          "type": "consulting",
          "url": "https://feross.org/support"
        }
      ],
      "inBundle": true,
      "license": "BSD-3-Clause"
    },
    "node_modules/@monky/bot-sdk/node_modules/is-plain-object": {
      "version": "2.0.4",
      "bundleDependencies": [
        "isobject"
      ],
      "inBundle": true,
      "license": "MIT",
      "dependencies": {
        "isobject": "3.0.1"
      },
      "engines": {
        "node": ">=0.10.0"
      }
    },
    "node_modules/@monky/bot-sdk/node_modules/is-property": {
      "version": "1.0.2",
      "inBundle": true,
      "license": "MIT"
    },
    "node_modules/@monky/bot-sdk/node_modules/isobject": {
      "version": "3.0.1",
      "inBundle": true,
      "license": "MIT",
      "engines": {
        "node": ">=0.10.0"
      }
    },
    "node_modules/@monky/bot-sdk/node_modules/mediabunny": {
      "version": "1.56.2",
      "bundleDependencies": [
        "@types/dom-mediacapture-transform",
        "@types/dom-webcodecs"
      ],
      "inBundle": true,
      "license": "MPL-2.0",
      "workspaces": [
        ".",
        "packages/*"
      ],
      "dependencies": {
        "@types/dom-mediacapture-transform": "0.1.12",
        "@types/dom-webcodecs": "0.1.13"
      },
      "funding": {
        "type": "individual",
        "url": "https://github.com/sponsors/Vanilagy"
      }
    },
    "node_modules/@monky/bot-sdk/node_modules/minipass": {
      "version": "7.1.3",
      "inBundle": true,
      "license": "BlueOak-1.0.0",
      "engines": {
        "node": ">=16 || 14 >=14.17"
      }
    },
    "node_modules/@monky/bot-sdk/node_modules/minizlib": {
      "version": "3.1.0",
      "bundleDependencies": [
        "minipass"
      ],
      "inBundle": true,
      "license": "MIT",
      "dependencies": {
        "minipass": "7.1.3"
      },
      "engines": {
        "node": ">= 18"
      }
    },
    "node_modules/@monky/bot-sdk/node_modules/ms": {
      "version": "2.1.3",
      "inBundle": true,
      "license": "MIT"
    },
    "node_modules/@monky/bot-sdk/node_modules/multicast-dns": {
      "version": "7.2.5",
      "bundleDependencies": [
        "dns-packet",
        "thunky"
      ],
      "inBundle": true,
      "license": "MIT",
      "dependencies": {
        "dns-packet": "5.6.1",
        "thunky": "1.1.0"
      },
      "bin": {
        "multicast-dns": "cli.js"
      }
    },
    "node_modules/@monky/bot-sdk/node_modules/pvtsutils": {
      "version": "1.3.6",
      "bundleDependencies": [
        "tslib"
      ],
      "inBundle": true,
      "license": "MIT",
      "dependencies": {
        "tslib": "2.8.1"
      }
    },
    "node_modules/@monky/bot-sdk/node_modules/pvutils": {
      "version": "1.2.0",
      "inBundle": true,
      "license": "MIT",
      "engines": {
        "node": ">=16.0.0"
      }
    },
    "node_modules/@monky/bot-sdk/node_modules/reflect-metadata": {
      "version": "0.2.2",
      "inBundle": true,
      "license": "Apache-2.0"
    },
    "node_modules/@monky/bot-sdk/node_modules/tar": {
      "version": "7.5.22",
      "bundleDependencies": [
        "@isaacs/fs-minipass",
        "chownr",
        "minipass",
        "minizlib",
        "yallist"
      ],
      "inBundle": true,
      "license": "BlueOak-1.0.0",
      "dependencies": {
        "@isaacs/fs-minipass": "4.0.1",
        "chownr": "3.0.0",
        "minipass": "7.1.3",
        "minizlib": "3.1.0",
        "yallist": "5.0.0"
      },
      "engines": {
        "node": ">=18"
      }
    },
    "node_modules/@monky/bot-sdk/node_modules/thunky": {
      "version": "1.1.0",
      "inBundle": true,
      "license": "MIT"
    },
    "node_modules/@monky/bot-sdk/node_modules/tslib": {
      "version": "2.8.1",
      "inBundle": true,
      "license": "0BSD"
    },
    "node_modules/@monky/bot-sdk/node_modules/tsyringe": {
      "version": "4.10.0",
      "bundleDependencies": [
        "tslib"
      ],
      "inBundle": true,
      "license": "MIT",
      "dependencies": {
        "tslib": "1.14.1"
      },
      "engines": {
        "node": ">= 6.0.0"
      }
    },
    "node_modules/@monky/bot-sdk/node_modules/tsyringe/node_modules/tslib": {
      "version": "1.14.1",
      "inBundle": true,
      "license": "0BSD"
    },
    "node_modules/@monky/bot-sdk/node_modules/tweetnacl": {
      "version": "1.0.3",
      "inBundle": true,
      "license": "Unlicense"
    },
    "node_modules/@monky/bot-sdk/node_modules/werift": {
      "version": "0.24.4",
      "bundleDependencies": [
        "@fidm/x509",
        "@noble/curves",
        "@peculiar/x509",
        "@shinyoshiaki/binary-data",
        "buffer",
        "debug",
        "mediabunny",
        "multicast-dns",
        "tweetnacl"
      ],
      "inBundle": true,
      "license": "MIT",
      "dependencies": {
        "@fidm/x509": "1.2.1",
        "@noble/curves": "1.9.7",
        "@peculiar/x509": "1.14.3",
        "@shinyoshiaki/binary-data": "0.6.1",
        "buffer": "6.0.3",
        "debug": "4.4.0",
        "mediabunny": "1.56.2",
        "multicast-dns": "7.2.5",
        "tweetnacl": "1.0.3"
      },
      "engines": {
        "node": ">=16"
      }
    },
    "node_modules/@monky/bot-sdk/node_modules/werift/node_modules/buffer": {
      "version": "6.0.3",
      "bundleDependencies": [
        "base64-js",
        "ieee754"
      ],
      "funding": [
        {
          "type": "github",
          "url": "https://github.com/sponsors/feross"
        },
        {
          "type": "patreon",
          "url": "https://www.patreon.com/feross"
        },
        {
          "type": "consulting",
          "url": "https://feross.org/support"
        }
      ],
      "inBundle": true,
      "license": "MIT",
      "dependencies": {
        "base64-js": "1.5.1",
        "ieee754": "1.2.1"
      }
    },
    "node_modules/@monky/bot-sdk/node_modules/werift/node_modules/debug": {
      "version": "4.4.0",
      "bundleDependencies": [
        "ms"
      ],
      "inBundle": true,
      "license": "MIT",
      "dependencies": {
        "ms": "2.1.3"
      },
      "engines": {
        "node": ">=6.0"
      }
    },
    "node_modules/@monky/bot-sdk/node_modules/ws": {
      "version": "8.21.3",
      "inBundle": true,
      "license": "MIT",
      "engines": {
        "node": ">=10.0.0"
      }
    },
    "node_modules/@monky/bot-sdk/node_modules/yallist": {
      "version": "5.0.0",
      "inBundle": true,
      "license": "BlueOak-1.0.0",
      "engines": {
        "node": ">=18"
      }
    },
    "node_modules/@monky/bot-sdk/node_modules/zod": {
      "version": "3.25.76",
      "inBundle": true,
      "license": "MIT",
      "funding": {
        "url": "https://github.com/sponsors/colinhacks"
      }
    },
    "node_modules/@tsconfig/node10": {
      "version": "1.0.13",
      "resolved": "https://registry.npmjs.org/@tsconfig/node10/-/node10-1.0.13.tgz",
      "integrity": "sha512-gcLdvR9HO1ZJBypsOGqaP6TFEzb6vIta0KSTLt9NAQ6pXQO3cRgSVyCN6pzYqI9DlJgY71XKO0dpDhCf08b3pg==",
      "dev": true,
      "license": "MIT"
    },
    "node_modules/@tsconfig/node12": {
      "version": "1.0.11",
      "resolved": "https://registry.npmjs.org/@tsconfig/node12/-/node12-1.0.11.tgz",
      "integrity": "sha512-cqefuRsh12pWyGsIoBKJA9luFu3mRxCA+ORZvA4ktLSzIuCUtWVxGIuXigEwO5/ywWFMZ2QEGKWvkZG1zDMTag==",
      "dev": true,
      "license": "MIT"
    },
    "node_modules/@tsconfig/node14": {
      "version": "1.0.3",
      "resolved": "https://registry.npmjs.org/@tsconfig/node14/-/node14-1.0.3.tgz",
      "integrity": "sha512-ysT8mhdixWK6Hw3i1V2AeRqZ5WfXg1G43mqoYlM2nc6388Fq5jcXyr5mRsqViLx/GJYdoL0bfXD8nmF+Zn/Iow==",
      "dev": true,
      "license": "MIT"
    },
    "node_modules/@tsconfig/node16": {
      "version": "1.0.4",
      "resolved": "https://registry.npmjs.org/@tsconfig/node16/-/node16-1.0.4.tgz",
      "integrity": "sha512-vxhUy4J8lyeyinH7Azl1pdd43GJhZH/tP2weN8TntQblOY+A0XbT8DJk1/oCPuOOyg/Ja757rG0CgHcWC8OfMA==",
      "dev": true,
      "license": "MIT"
    },
    "node_modules/@types/node": {
      "version": "20.19.43",
      "resolved": "https://registry.npmjs.org/@types/node/-/node-20.19.43.tgz",
      "integrity": "sha512-6oYBAi5ikg4Pl+kGsoYtawUMBT2zZMCvPNF7pVLnHZfd1zf38DRiWn/gT01RYCdUqkv7Fhr+C9ot4/tb+2sVvA==",
      "dev": true,
      "license": "MIT",
      "dependencies": {
        "undici-types": "~6.21.0"
      }
    },
    "node_modules/acorn": {
      "version": "8.18.0",
      "resolved": "https://registry.npmjs.org/acorn/-/acorn-8.18.0.tgz",
      "integrity": "sha512-lGq+9yr1/GuAWaVYIHRjvvySG5/4VfKIvC8EWxStPdcDh/Ka7FG3twP6v4d5BkravUilhIAsG4Qj83t02LWUPQ==",
      "dev": true,
      "license": "MIT",
      "bin": {
        "acorn": "bin/acorn"
      },
      "engines": {
        "node": ">=0.4.0"
      }
    },
    "node_modules/acorn-walk": {
      "version": "8.3.5",
      "resolved": "https://registry.npmjs.org/acorn-walk/-/acorn-walk-8.3.5.tgz",
      "integrity": "sha512-HEHNfbars9v4pgpW6SO1KSPkfoS0xVOM/9UzkJltjlsHZmJasxg8aXkuZa7SMf8vKGIBhpUsPluQSqhJFCqebw==",
      "dev": true,
      "license": "MIT",
      "dependencies": {
        "acorn": "^8.11.0"
      },
      "engines": {
        "node": ">=0.4.0"
      }
    },
    "node_modules/arg": {
      "version": "4.1.3",
      "resolved": "https://registry.npmjs.org/arg/-/arg-4.1.3.tgz",
      "integrity": "sha512-58S9QDqG0Xx27YwPSt9fJxivjYl432YCwfDMfZ+71RAqUrZef7LrKQZ3LHLOwCS4FLNBplP533Zx895SeOCHvA==",
      "dev": true,
      "license": "MIT"
    },
    "node_modules/create-require": {
      "version": "1.1.1",
      "resolved": "https://registry.npmjs.org/create-require/-/create-require-1.1.1.tgz",
      "integrity": "sha512-dcKFX3jn0MpIaXjisoRvexIJVEKzaq7z2rZKxf+MSr9TkdmHmsU4m2lcLojrj/FHl8mk5VxMmYA+ftRkP/3oKQ==",
      "dev": true,
      "license": "MIT"
    },
    "node_modules/diff": {
      "version": "4.0.4",
      "resolved": "https://registry.npmjs.org/diff/-/diff-4.0.4.tgz",
      "integrity": "sha512-X07nttJQkwkfKfvTPG/KSnE2OMdcUCao6+eXF3wmnIQRn2aPAHH3VxDbDOdegkd6JbPsXqShpvEOHfAT+nCNwQ==",
      "dev": true,
      "license": "BSD-3-Clause",
      "engines": {
        "node": ">=0.3.1"
      }
    },
    "node_modules/make-error": {
      "version": "1.3.6",
      "resolved": "https://registry.npmjs.org/make-error/-/make-error-1.3.6.tgz",
      "integrity": "sha512-s8UhlNe7vPKomQhC1qFelMokr/Sc3AgNbso3n74mVPA5LTZwkB9NlXf4XPamLxJE8h0gh73rM94xvwRT2CVInw==",
      "dev": true,
      "license": "ISC"
    },
    "node_modules/ts-node": {
      "version": "10.9.2",
      "resolved": "https://registry.npmjs.org/ts-node/-/ts-node-10.9.2.tgz",
      "integrity": "sha512-f0FFpIdcHgn8zcPSbf1dRevwt047YMnaiJM3u2w2RewrB+fob/zePZcrOyQoLMMO7aBIddLcQIEK5dYjkLnGrQ==",
      "dev": true,
      "license": "MIT",
      "dependencies": {
        "@cspotcode/source-map-support": "^0.8.0",
        "@tsconfig/node10": "^1.0.7",
        "@tsconfig/node12": "^1.0.7",
        "@tsconfig/node14": "^1.0.0",
        "@tsconfig/node16": "^1.0.2",
        "acorn": "^8.4.1",
        "acorn-walk": "^8.1.1",
        "arg": "^4.1.0",
        "create-require": "^1.1.0",
        "diff": "^4.0.1",
        "make-error": "^1.1.1",
        "v8-compile-cache-lib": "^3.0.1",
        "yn": "3.1.1"
      },
      "bin": {
        "ts-node": "dist/bin.js",
        "ts-node-cwd": "dist/bin-cwd.js",
        "ts-node-esm": "dist/bin-esm.js",
        "ts-node-script": "dist/bin-script.js",
        "ts-node-transpile-only": "dist/bin-transpile.js",
        "ts-script": "dist/bin-script-deprecated.js"
      },
      "peerDependencies": {
        "@swc/core": ">=1.2.50",
        "@swc/wasm": ">=1.2.50",
        "@types/node": "*",
        "typescript": ">=2.7"
      },
      "peerDependenciesMeta": {
        "@swc/core": {
          "optional": true
        },
        "@swc/wasm": {
          "optional": true
        }
      }
    },
    "node_modules/typescript": {
      "version": "5.9.3",
      "resolved": "https://registry.npmjs.org/typescript/-/typescript-5.9.3.tgz",
      "integrity": "sha512-jl1vZzPDinLr9eUt3J/t7V6FgNEw9QjvBPdysz9KfQDD41fQrC2Y4vKQdiaUpFT4bXlb1RHhLpp8wtm6M5TgSw==",
      "dev": true,
      "license": "Apache-2.0",
      "bin": {
        "tsc": "bin/tsc",
        "tsserver": "bin/tsserver"
      },
      "engines": {
        "node": ">=14.17"
      }
    },
    "node_modules/undici-types": {
      "version": "6.21.0",
      "resolved": "https://registry.npmjs.org/undici-types/-/undici-types-6.21.0.tgz",
      "integrity": "sha512-iwDZqg0QAGrg9Rav5H4n0M64c3mkR59cJ6wQp+7C4nI0gsmExaedaYLNO44eT4AtBBwjbTiGPMlt2Md0T9H9JQ==",
      "dev": true,
      "license": "MIT"
    },
    "node_modules/v8-compile-cache-lib": {
      "version": "3.0.1",
      "resolved": "https://registry.npmjs.org/v8-compile-cache-lib/-/v8-compile-cache-lib-3.0.1.tgz",
      "integrity": "sha512-wa7YjyUGfNZngI/vtK0UHAN+lgDCxBPCylVXGp0zu59Fz5aiGtNXaq3DhIov063MorB+VfufLh3JlF2KdTK3xg==",
      "dev": true,
      "license": "MIT"
    },
    "node_modules/yn": {
      "version": "3.1.1",
      "resolved": "https://registry.npmjs.org/yn/-/yn-3.1.1.tgz",
      "integrity": "sha512-Ux4ygGWsu2c7isFWe8Yu1YluJmqVhxqK2cLXNQA5AcC3QfbGNpM7fu0Y8b/z16pXLnFxZYvWhd3fhBY9DLmC6Q==",
      "dev": true,
      "license": "MIT",
      "engines": {
        "node": ">=6"
      }
    }
  }
}
